{
  "lockfile_version": "2.0",
  "generated_at": "2026-07-17T09:05:17.929Z",
  "agents": {
    "BookingAgent": {
      "version": "1.0",
      "source_hash": "036fb7ee3e6108b0",
      "status": "active"
    },
    "AuthenticationAgent": {
      "version": "1.0",
      "source_hash": "73f02cbd2fbc6ddd",
      "status": "active"
    },
    "LabResultsAgent": {
      "version": "1.0",
      "source_hash": "73861e9013863aca",
      "status": "active"
    },
    "FrontDesk": {
      "version": "1.0",
      "source_hash": "0c5b3b250c000d65",
      "status": "active"
    },
    "SymptomsCheckAgent": {
      "version": "1.0",
      "source_hash": "f3454a3ea6b82bbd",
      "status": "active"
    }
  },
  "tools": {
    "tools/authenticate_patient.tools.abl": {
      "source_hash": "6e0e3dc7559b52fa"
    },
    "tools/new_appointment.tools.abl": {
      "source_hash": "fb69e847f4b01216"
    },
    "tools/search_kb_symptoms.tools.abl": {
      "source_hash": "54cbb4a724665249"
    }
  },
  "configs": {
    "config/runtime-config.json": {
      "source_hash": "f3b2f2023e0da07d"
    },
    "config/llm-config.json": {
      "source_hash": "8c6966cb1b299a23"
    },
    "config/project-model-configs/claude_opus_4_6.model-config.json": {
      "source_hash": "d17c02c62a627eab"
    },
    "config/project-model-configs/gpt-4o.model-config.json": {
      "source_hash": "0a15c3133917b26d"
    },
    "environment/config-vars.json": {
      "source_hash": "47700e5ce80423d3"
    }
  },
  "connections": {},
  "guardrails": {},
  "workflows": {},
  "evals": {
    "evals/set_1/eval-set.json": {
      "source_hash": "dedf52ed423e3cca"
    },
    "evals/quick_eval_-_6_1_2026/eval-set.json": {
      "source_hash": "20ab1854521dae96"
    },
    "evals/scenarios/booking_appointment.scenario.json": {
      "source_hash": "1cbb2431842ce1a7"
    },
    "evals/scenarios/multi-symptom_check.scenario.json": {
      "source_hash": "474dcbe5096d08f2"
    },
    "evals/scenarios/lab_results_retrieval_error.scenario.json": {
      "source_hash": "fc17375f4c4ef1c4"
    },
    "evals/scenarios/symptom_check_with_authentication_error.scenario.json": {
      "source_hash": "e2e7a1dcdec0b90a"
    },
    "evals/scenarios/complex_lab_result_retrieval.scenario.json": {
      "source_hash": "ca0a810a229434fa"
    },
    "evals/scenarios/simple_booking_flow.scenario.json": {
      "source_hash": "018ab4644bbd1901"
    },
    "evals/personas/friendly_first-time_user.persona.json": {
      "source_hash": "8ea3d44a7e6530a5"
    },
    "evals/personas/impatient_appointment_seeker.persona.json": {
      "source_hash": "7d3018671a18393b"
    },
    "evals/personas/vexed_validation_tester.persona.json": {
      "source_hash": "133ad4c3c3a1cc41"
    },
    "evals/personas/john_smith.persona.json": {
      "source_hash": "e866c801e571c1de"
    },
    "evals/personas/emily_davis.persona.json": {
      "source_hash": "0d82ba0eb4190799"
    },
    "evals/personas/alex_green.persona.json": {
      "source_hash": "35abb2e1b13e7f96"
    },
    "evals/evaluators/evaluator_1.evaluator.json": {
      "source_hash": "04848f29857ed588"
    },
    "evals/evaluators/task_efficiency.evaluator.json": {
      "source_hash": "1ef67ca7621ad7b8"
    },
    "evals/evaluators/response_quality.evaluator.json": {
      "source_hash": "f3d1e7268e198fd6"
    },
    "evals/evaluators/safety___compliance.evaluator.json": {
      "source_hash": "6955d8eda30be689"
    }
  },
  "search": {
    "search/indexes/symptoms.index.json": {
      "source_hash": "3273d8bd0a9ccc01"
    },
    "search/knowledge-bases/symptoms.kb.json": {
      "source_hash": "edf5b3a67f7b7f59"
    }
  },
  "channels": {},
  "vocabulary": {},
  "behavior_profiles": {},
  "layer_hashes": {
    "core": "61db927104b5ea1fff9510d5467dd4581f85b5007ae413042acc2fb84a49df94",
    "connections": "e3b0c44298fc1c149afbf4c8996fb92427ae41e4649b934ca495991b7852b855",
    "prompts": "e3b0c44298fc1c149afbf4c8996fb92427ae41e4649b934ca495991b7852b855",
    "guardrails": "e3b0c44298fc1c149afbf4c8996fb92427ae41e4649b934ca495991b7852b855",
    "workflows": "e3b0c44298fc1c149afbf4c8996fb92427ae41e4649b934ca495991b7852b855",
    "evals": "1593793b6e77ef43808d6ef23a6cde7ed78f75afcea65d5e8bc148fc38eed952",
    "search": "8586463ef06532c5974f518769159ad1e6ba6bdf2fb019c344694d5634e7ca3d",
    "channels": "e3b0c44298fc1c149afbf4c8996fb92427ae41e4649b934ca495991b7852b855",
    "vocabulary": "e3b0c44298fc1c149afbf4c8996fb92427ae41e4649b934ca495991b7852b855",
    "tables": "e3b0c44298fc1c149afbf4c8996fb92427ae41e4649b934ca495991b7852b855"
  },
  "integrity": "dcdabead4de9c524f714f5bcca801b7e9379193823a0a3f5183999f71e9ded3a"
}